
Microsoft Visual Studio Solution File, Format Version 12.00
# Visual Studio Version 17
VisualStudioVersion = 17.14.36518.9
MinimumVisualStudioVersion = 10.0.40219.1
Project("{2150E333-8FDC-42A3-9474-1A3956D46DE8}") = "src", "src", "{02EA681E-C7D8-13C7-8484-4AC65E1B71E8}"
EndProject
Project("{2150E333-8FDC-42A3-9474-1A3956D46DE8}") = "Solution Items", "Solution Items", "{8EC462FD-D22E-90A8-E5CE-7E832BA40C5D}"
	ProjectSection(SolutionItems) = preProject
		.gitattributes = .gitattributes
		.gitignore = .gitignore
		AllTheBeans.postman_collection.json = AllTheBeans.postman_collection.json
		README.md = README.md
	EndProjectSection
EndProject
Project("{FAE04EC0-301F-11D3-BF4B-00C04F79EFBC}") = "AllTheBeans.API", "src\AllTheBeans.API\AllTheBeans.API.csproj", "{5B9635C2-5DD3-3DEE-B11E-E20CAD862276}"
EndProject
Project("{FAE04EC0-301F-11D3-BF4B-00C04F79EFBC}") = "AllTheBeans.Domain", "src\AllTheBeans.Domain\AllTheBeans.Domain.csproj", "{5CB83ED2-8B30-48EF-9028-F322A60A89BC}"
EndProject
Project("{FAE04EC0-301F-11D3-BF4B-00C04F79EFBC}") = "AllTheBeans.Infrastructure", "src\AllTheBeans.Infrastructure\AllTheBeans.Infrastructure.csproj", "{AF3E279A-DC9B-4C02-BC6C-974AEEAC0A16}"
EndProject
Project("{2150E333-8FDC-42A3-9474-1A3956D46DE8}") = "deploy", "deploy", "{38341B55-1696-48D8-94C6-4DA2527B9A2F}"
EndProject
Project("{2150E333-8FDC-42A3-9474-1A3956D46DE8}") = "local", "local", "{E0701606-E3D1-475A-B8AA-76F1C2108CC3}"
	ProjectSection(SolutionItems) = preProject
		deploy\local\docker-compose.yml = deploy\local\docker-compose.yml
	EndProjectSection
EndProject
Project("{2150E333-8FDC-42A3-9474-1A3956D46DE8}") = "test", "test", "{EFEC0F57-4979-4057-985B-D8C526DF3B35}"
EndProject
Project("{FAE04EC0-301F-11D3-BF4B-00C04F79EFBC}") = "AllTheBeans.Infrastructure.IntegrationTests", "test\AllTheBeans.Infrastructure.IntegrationTests\AllTheBeans.Infrastructure.IntegrationTests.csproj", "{25DF1AD5-4F55-40BD-BBC8-EF77FEAAAC41}"
EndProject
Project("{FAE04EC0-301F-11D3-BF4B-00C04F79EFBC}") = "AllTheBeans.API.IntegrationTests", "test\AllTheBeans.API.IntegrationTests\AllTheBeans.API.IntegrationTests.csproj", "{B39246E8-8AD0-1BF1-0B07-F1168CA45F81}"
EndProject
Project("{FAE04EC0-301F-11D3-BF4B-00C04F79EFBC}") = "AllTheBeans.Domain.UnitTests", "test\AllTheBeans.Domain.UnitTests\AllTheBeans.Domain.UnitTests.csproj", "{9C363247-7B6A-8133-7DA8-CFEC323C855B}"
EndProject
Project("{FAE04EC0-301F-11D3-BF4B-00C04F79EFBC}") = "AllTheBeans.API.UnitTests", "test\AllTheBeans.API.UnitTests\AllTheBeans.API.UnitTests.csproj", "{FFC2D9B6-80EA-E051-AFF6-11641B9FE951}"
EndProject
Global
	GlobalSection(SolutionConfigurationPlatforms) = preSolution
		Debug|Any CPU = Debug|Any CPU
		Release|Any CPU = Release|Any CPU
	EndGlobalSection
	GlobalSection(ProjectConfigurationPlatforms) = postSolution
		{5B9635C2-5DD3-3DEE-B11E-E20CAD862276}.Debug|Any CPU.ActiveCfg = Debug|Any CPU
		{5B9635C2-5DD3-3DEE-B11E-E20CAD862276}.Debug|Any CPU.Build.0 = Debug|Any CPU
		{5B9635C2-5DD3-3DEE-B11E-E20CAD862276}.Release|Any CPU.ActiveCfg = Release|Any CPU
		{5B9635C2-5DD3-3DEE-B11E-E20CAD862276}.Release|Any CPU.Build.0 = Release|Any CPU
		{5CB83ED2-8B30-48EF-9028-F322A60A89BC}.Debug|Any CPU.ActiveCfg = Debug|Any CPU
		{5CB83ED2-8B30-48EF-9028-F322A60A89BC}.Debug|Any CPU.Build.0 = Debug|Any CPU
		{5CB83ED2-8B30-48EF-9028-F322A60A89BC}.Release|Any CPU.ActiveCfg = Release|Any CPU
		{5CB83ED2-8B30-48EF-9028-F322A60A89BC}.Release|Any CPU.Build.0 = Release|Any CPU
		{AF3E279A-DC9B-4C02-BC6C-974AEEAC0A16}.Debug|Any CPU.ActiveCfg = Debug|Any CPU
		{AF3E279A-DC9B-4C02-BC6C-974AEEAC0A16}.Debug|Any CPU.Build.0 = Debug|Any CPU
		{AF3E279A-DC9B-4C02-BC6C-974AEEAC0A16}.Release|Any CPU.ActiveCfg = Release|Any CPU
		{AF3E279A-DC9B-4C02-BC6C-974AEEAC0A16}.Release|Any CPU.Build.0 = Release|Any CPU
		{25DF1AD5-4F55-40BD-BBC8-EF77FEAAAC41}.Debug|Any CPU.ActiveCfg = Debug|Any CPU
		{25DF1AD5-4F55-40BD-BBC8-EF77FEAAAC41}.Debug|Any CPU.Build.0 = Debug|Any CPU
		{25DF1AD5-4F55-40BD-BBC8-EF77FEAAAC41}.Release|Any CPU.ActiveCfg = Release|Any CPU
		{25DF1AD5-4F55-40BD-BBC8-EF77FEAAAC41}.Release|Any CPU.Build.0 = Release|Any CPU
		{B39246E8-8AD0-1BF1-0B07-F1168CA45F81}.Debug|Any CPU.ActiveCfg = Debug|Any CPU
		{B39246E8-8AD0-1BF1-0B07-F1168CA45F81}.Debug|Any CPU.Build.0 = Debug|Any CPU
		{B39246E8-8AD0-1BF1-0B07-F1168CA45F81}.Release|Any CPU.ActiveCfg = Release|Any CPU
		{B39246E8-8AD0-1BF1-0B07-F1168CA45F81}.Release|Any CPU.Build.0 = Release|Any CPU
		{9C363247-7B6A-8133-7DA8-CFEC323C855B}.Debug|Any CPU.ActiveCfg = Debug|Any CPU
		{9C363247-7B6A-8133-7DA8-CFEC323C855B}.Debug|Any CPU.Build.0 = Debug|Any CPU
		{9C363247-7B6A-8133-7DA8-CFEC323C855B}.Release|Any CPU.ActiveCfg = Release|Any CPU
		{9C363247-7B6A-8133-7DA8-CFEC323C855B}.Release|Any CPU.Build.0 = Release|Any CPU
		{FFC2D9B6-80EA-E051-AFF6-11641B9FE951}.Debug|Any CPU.ActiveCfg = Debug|Any CPU
		{FFC2D9B6-80EA-E051-AFF6-11641B9FE951}.Debug|Any CPU.Build.0 = Debug|Any CPU
		{FFC2D9B6-80EA-E051-AFF6-11641B9FE951}.Release|Any CPU.ActiveCfg = Release|Any CPU
		{FFC2D9B6-80EA-E051-AFF6-11641B9FE951}.Release|Any CPU.Build.0 = Release|Any CPU
	EndGlobalSection
	GlobalSection(SolutionProperties) = preSolution
		HideSolutionNode = FALSE
	EndGlobalSection
	GlobalSection(NestedProjects) = preSolution
		{5B9635C2-5DD3-3DEE-B11E-E20CAD862276} = {02EA681E-C7D8-13C7-8484-4AC65E1B71E8}
		{5CB83ED2-8B30-48EF-9028-F322A60A89BC} = {02EA681E-C7D8-13C7-8484-4AC65E1B71E8}
		{AF3E279A-DC9B-4C02-BC6C-974AEEAC0A16} = {02EA681E-C7D8-13C7-8484-4AC65E1B71E8}
		{E0701606-E3D1-475A-B8AA-76F1C2108CC3} = {38341B55-1696-48D8-94C6-4DA2527B9A2F}
		{25DF1AD5-4F55-40BD-BBC8-EF77FEAAAC41} = {EFEC0F57-4979-4057-985B-D8C526DF3B35}
		{B39246E8-8AD0-1BF1-0B07-F1168CA45F81} = {EFEC0F57-4979-4057-985B-D8C526DF3B35}
		{9C363247-7B6A-8133-7DA8-CFEC323C855B} = {EFEC0F57-4979-4057-985B-D8C526DF3B35}
		{FFC2D9B6-80EA-E051-AFF6-11641B9FE951} = {EFEC0F57-4979-4057-985B-D8C526DF3B35}
	EndGlobalSection
	GlobalSection(ExtensibilityGlobals) = postSolution
		SolutionGuid = {24D91E51-E311-4E23-B230-C38DCE83E5E6}
	EndGlobalSection
EndGlobal
